
Microsoft Visual Studio Solution File, Format Version 12.00
# Visual Studio 15
VisualStudioVersion = 15.0.28307.705
MinimumVisualStudioVersion = 10.0.40219.1
Project("{FAE04EC0-301F-11D3-BF4B-00C04F79EFBC}") = "CollabBuilder", "CollabBuilder\CollabBuilder.csproj", "{1858279A-3093-4577-8490-4A894C4D7998}"
EndProject
Global
	GlobalSection(SolutionConfigurationPlatforms) = preSolution
		Debug|Any CPU = Debug|Any CPU
		Release|Any CPU = Release|Any CPU
	EndGlobalSection
	GlobalSection(ProjectConfigurationPlatforms) = postSolution
		{1858279A-3093-4577-8490-4A894C4D7998}.Debug|Any CPU.ActiveCfg = Debug|Any CPU
		{1858279A-3093-4577-8490-4A894C4D7998}.Debug|Any CPU.Build.0 = Debug|Any CPU
		{1858279A-3093-4577-8490-4A894C4D7998}.Release|Any CPU.ActiveCfg = Release|Any CPU
		{1858279A-3093-4577-8490-4A894C4D7998}.Release|Any CPU.Build.0 = Release|Any CPU
	EndGlobalSection
	GlobalSection(SolutionProperties) = preSolution
		HideSolutionNode = FALSE
	EndGlobalSection
	GlobalSection(ExtensibilityGlobals) = postSolution
		SolutionGuid = {79808C75-362F-47AE-B384-94F13C2F2092}
	EndGlobalSection
EndGlobal
